# This file is autogenerated, do not edit; changes may be undone by the next 'dep ensure'.


[[projects]]
  branch = "master"
  name = "github.com/go-sql-driver/mysql"
  packages = ["."]
  revision = "9181e3a86a19bacd63e68d43ae8b7b36320d8092"
  source = "github.com/go-sql-driver/mysql"

[[projects]]
  branch = "master"
  name = "github.com/julienschmidt/httprouter"
  packages = ["."]
  revision = "e1b9828bc9e5904baec057a154c09ca40fe7fae0"
  source = "github.com/julienschmidt/httprouter"

[[projects]]
  name = "google.golang.org/appengine"
  packages = ["cloudsql"]
  revision = "150dc57a1b433e64154302bdc40b6bb8aefa313a"
  version = "v1.0.0"

[solve-meta]
  analyzer-name = "dep"
  analyzer-version = 1
  inputs-digest = "26ebd2f86c4d44bd5ee02fb29490b0642798e6117f8971110a7ad3b6567fba37"
  solver-name = "gps-cdcl"
  solver-version = 1
